{
  "name": "gitzap",
  "version": "1.0.1",
  "lockfileVersion": 3,
  "requires": true,
  "packages": {
    "": {
      "name": "gitzap",
      "version": "1.0.1",
      "hasInstallScript": true,
      "license": "BSD-3-Clause",
      "bin": {
        "gitzap": "scripts/gitzap.js"
      }
    }
  }
}
